
Microsoft Visual Studio Solution File, Format Version 12.00
# Visual Studio Version 17
VisualStudioVersion = 17.8.34511.84
MinimumVisualStudioVersion = 10.0.40219.1
Project("{FAE04EC0-301F-11D3-BF4B-00C04F79EFBC}") = "COMP003A.assigment1", "COMP003A.assigment1.csproj", "{D23BB83C-9E07-459F-84CA-949C4C1EF994}"
EndProject
Global
	GlobalSection(SolutionConfigurationPlatforms) = preSolution
		Debug|Any CPU = Debug|Any CPU
		Release|Any CPU = Release|Any CPU
	EndGlobalSection
	GlobalSection(ProjectConfigurationPlatforms) = postSolution
		{D23BB83C-9E07-459F-84CA-949C4C1EF994}.Debug|Any CPU.ActiveCfg = Debug|Any CPU
		{D23BB83C-9E07-459F-84CA-949C4C1EF994}.Debug|Any CPU.Build.0 = Debug|Any CPU
		{D23BB83C-9E07-459F-84CA-949C4C1EF994}.Release|Any CPU.ActiveCfg = Release|Any CPU
		{D23BB83C-9E07-459F-84CA-949C4C1EF994}.Release|Any CPU.Build.0 = Release|Any CPU
	EndGlobalSection
	GlobalSection(SolutionProperties) = preSolution
		HideSolutionNode = FALSE
	EndGlobalSection
	GlobalSection(ExtensibilityGlobals) = postSolution
		SolutionGuid = {7A141892-2625-4ABF-B931-AED4A64DE6D7}
	EndGlobalSection
EndGlobal
